// !$*UTF8*$!
{
	archiveVersion = 1;
	classes = {
	};
	objectVersion = 55;
	objects = {

/* Begin PBXBuildFile section */
		5701C28627171BF400D2A691 /* AppDelegate.swift in Sources */ = {isa = PBXBuildFile; fileRef = 5701C28527171BF400D2A691 /* AppDelegate.swift */; };
		5701C28827171BF400D2A691 /* SceneDelegate.swift in Sources */ = {isa = PBXBuildFile; fileRef = 5701C28727171BF400D2A691 /* SceneDelegate.swift */; };
		5701C28A27171BF400D2A691 /* ReminderListViewController.swift in Sources */ = {isa = PBXBuildFile; fileRef = 5701C28927171BF400D2A691 /* ReminderListViewController.swift */; };
		5701C28F27171BF700D2A691 /* Assets.xcassets in Resources */ = {isa = PBXBuildFile; fileRef = 5701C28E27171BF700D2A691 /* Assets.xcassets */; };
		5701C29227171BF700D2A691 /* LaunchScreen.storyboard in Resources */ = {isa = PBXBuildFile; fileRef = 5701C29027171BF700D2A691 /* LaunchScreen.storyboard */; };
		5721834F27184956000C506A /* EditTitleCell.swift in Sources */ = {isa = PBXBuildFile; fileRef = 5721834E27184956000C506A /* EditTitleCell.swift */; };
		5721835127184B20000C506A /* EditDataCell.swift in Sources */ = {isa = PBXBuildFile; fileRef = 5721835027184B20000C506A /* EditDataCell.swift */; };
		5721835327184B52000C506A /* EditNotesCell.swift in Sources */ = {isa = PBXBuildFile; fileRef = 5721835227184B52000C506A /* EditNotesCell.swift */; };
		5721835527184DA5000C506A /* ReminderDetailEditDataSource.swift in Sources */ = {isa = PBXBuildFile; fileRef = 5721835427184DA5000C506A /* ReminderDetailEditDataSource.swift */; };
		57FFE12927180882004C8EA1 /* Reminder.swift in Sources */ = {isa = PBXBuildFile; fileRef = 57FFE12827180882004C8EA1 /* Reminder.swift */; };
		57FFE12C27180F26004C8EA1 /* ReminderListCell.swift in Sources */ = {isa = PBXBuildFile; fileRef = 57FFE12B27180F26004C8EA1 /* ReminderListCell.swift */; };
		57FFE12E27181A9E004C8EA1 /* Main.storyboard in Resources */ = {isa = PBXBuildFile; fileRef = 57FFE12D27181A9E004C8EA1 /* Main.storyboard */; };
		57FFE13127181ED0004C8EA1 /* ReminderDetailViewController.swift in Sources */ = {isa = PBXBuildFile; fileRef = 57FFE13027181ED0004C8EA1 /* ReminderDetailViewController.swift */; };
		57FFE135271829A5004C8EA1 /* ReminderListDataSource.swift in Sources */ = {isa = PBXBuildFile; fileRef = 57FFE134271829A5004C8EA1 /* ReminderListDataSource.swift */; };
		57FFE13827182BE2004C8EA1 /* ReminderDetailViewDataSource.swift in Sources */ = {isa = PBXBuildFile; fileRef = 57FFE13727182BE2004C8EA1 /* ReminderDetailViewDataSource.swift */; };
/* End PBXBuildFile section */

/* Begin PBXFileReference section */
		5701C28227171BF400D2A691 /* Today.app */ = {isa = PBXFileReference; explicitFileType = wrapper.application; includeInIndex = 0; path = Today.app; sourceTree = BUILT_PRODUCTS_DIR; };
		5701C28527171BF400D2A691 /* AppDelegate.swift */ = {isa = PBXFileReference; lastKnownFileType = sourcecode.swift; path = AppDelegate.swift; sourceTree = "<group>"; };
		5701C28727171BF400D2A691 /* SceneDelegate.swift */ = {isa = PBXFileReference; lastKnownFileType = sourcecode.swift; path = SceneDelegate.swift; sourceTree = "<group>"; };
		5701C28927171BF400D2A691 /* ReminderListViewController.swift */ = {isa = PBXFileReference; lastKnownFileType = sourcecode.swift; path = ReminderListViewController.swift; sourceTree = "<group>"; };
		5701C28E27171BF700D2A691 /* Assets.xcassets */ = {isa = PBXFileReference; lastKnownFileType = folder.assetcatalog; path = Assets.xcassets; sourceTree = "<group>"; };
		5701C29127171BF700D2A691 /* Base */ = {isa = PBXFileReference; lastKnownFileType = file.storyboard; name = Base; path = Base.lproj/LaunchScreen.storyboard; sourceTree = "<group>"; };
		5701C29327171BF700D2A691 /* Info.plist */ = {isa = PBXFileReference; lastKnownFileType = text.plist.xml; path = Info.plist; sourceTree = "<group>"; };
		5721834E27184956000C506A /* EditTitleCell.swift */ = {isa = PBXFileReference; lastKnownFileType = sourcecode.swift; path = EditTitleCell.swift; sourceTree = "<group>"; };
		5721835027184B20000C506A /* EditDataCell.swift */ = {isa = PBXFileReference; lastKnownFileType = sourcecode.swift; path = EditDataCell.swift; sourceTree = "<group>"; };
		5721835227184B52000C506A /* EditNotesCell.swift */ = {isa = PBXFileReference; lastKnownFileType = sourcecode.swift; path = EditNotesCell.swift; sourceTree = "<group>"; };
		5721835427184DA5000C506A /* ReminderDetailEditDataSource.swift */ = {isa = PBXFileReference; lastKnownFileType = sourcecode.swift; path = ReminderDetailEditDataSource.swift; sourceTree = "<group>"; };
		57FFE12827180882004C8EA1 /* Reminder.swift */ = {isa = PBXFileReference; lastKnownFileType = sourcecode.swift; path = Reminder.swift; sourceTree = "<group>"; };
		57FFE12B27180F26004C8EA1 /* ReminderListCell.swift */ = {isa = PBXFileReference; lastKnownFileType = sourcecode.swift; path = ReminderListCell.swift; sourceTree = "<group>"; };
		57FFE12D27181A9E004C8EA1 /* Main.storyboard */ = {isa = PBXFileReference; fileEncoding = 4; lastKnownFileType = file.storyboard; path = Main.storyboard; sourceTree = "<group>"; };
		57FFE13027181ED0004C8EA1 /* ReminderDetailViewController.swift */ = {isa = PBXFileReference; lastKnownFileType = sourcecode.swift; path = ReminderDetailViewController.swift; sourceTree = "<group>"; };
		57FFE134271829A5004C8EA1 /* ReminderListDataSource.swift */ = {isa = PBXFileReference; lastKnownFileType = sourcecode.swift; path = ReminderListDataSource.swift; sourceTree = "<group>"; };
		57FFE13727182BE2004C8EA1 /* ReminderDetailViewDataSource.swift */ = {isa = PBXFileReference; lastKnownFileType = sourcecode.swift; path = ReminderDetailViewDataSource.swift; sourceTree = "<group>"; };
/* End PBXFileReference section */

/* Begin PBXFrameworksBuildPhase section */
		5701C27F27171BF400D2A691 /* Frameworks */ = {
			isa = PBXFrameworksBuildPhase;
			buildActionMask = 2147483647;
			files = (
			);
			runOnlyForDeploymentPostprocessing = 0;
		};
/* End PBXFrameworksBuildPhase section */

/* Begin PBXGroup section */
		5701C27927171BF400D2A691 = {
			isa = PBXGroup;
			children = (
				5701C28427171BF400D2A691 /* Today */,
				5701C28327171BF400D2A691 /* Products */,
			);
			sourceTree = "<group>";
		};
		5701C28327171BF400D2A691 /* Products */ = {
			isa = PBXGroup;
			children = (
				5701C28227171BF400D2A691 /* Today.app */,
			);
			name = Products;
			sourceTree = "<group>";
		};
		5701C28427171BF400D2A691 /* Today */ = {
			isa = PBXGroup;
			children = (
				57FFE13627182A4A004C8EA1 /* DataSources */,
				57FFE12F27181EBC004C8EA1 /* ViewControllers */,
				57FFE12A27180F0E004C8EA1 /* Views */,
				57FFE1272718086E004C8EA1 /* Models */,
				5701C28527171BF400D2A691 /* AppDelegate.swift */,
				5701C28727171BF400D2A691 /* SceneDelegate.swift */,
				57FFE12D27181A9E004C8EA1 /* Main.storyboard */,
				5701C28E27171BF700D2A691 /* Assets.xcassets */,
				5701C29027171BF700D2A691 /* LaunchScreen.storyboard */,
				5701C29327171BF700D2A691 /* Info.plist */,
			);
			path = Today;
			sourceTree = "<group>";
		};
		57FFE1272718086E004C8EA1 /* Models */ = {
			isa = PBXGroup;
			children = (
				57FFE12827180882004C8EA1 /* Reminder.swift */,
			);
			path = Models;
			sourceTree = "<group>";
		};
		57FFE12A27180F0E004C8EA1 /* Views */ = {
			isa = PBXGroup;
			children = (
				57FFE12B27180F26004C8EA1 /* ReminderListCell.swift */,
				5721834E27184956000C506A /* EditTitleCell.swift */,
				5721835027184B20000C506A /* EditDataCell.swift */,
				5721835227184B52000C506A /* EditNotesCell.swift */,
			);
			path = Views;
			sourceTree = "<group>";
		};
		57FFE12F27181EBC004C8EA1 /* ViewControllers */ = {
			isa = PBXGroup;
			children = (
				5701C28927171BF400D2A691 /* ReminderListViewController.swift */,
				57FFE13027181ED0004C8EA1 /* ReminderDetailViewController.swift */,
			);
			path = ViewControllers;
			sourceTree = "<group>";
		};
		57FFE13627182A4A004C8EA1 /* DataSources */ = {
			isa = PBXGroup;
			children = (
				57FFE134271829A5004C8EA1 /* ReminderListDataSource.swift */,
				57FFE13727182BE2004C8EA1 /* ReminderDetailViewDataSource.swift */,
				5721835427184DA5000C506A /* ReminderDetailEditDataSource.swift */,
			);
			path = DataSources;
			sourceTree = "<group>";
		};
/* End PBXGroup section */

/* Begin PBXNativeTarget section */
		5701C28127171BF400D2A691 /* Today */ = {
			isa = PBXNativeTarget;
			buildConfigurationList = 5701C29627171BF700D2A691 /* Build configuration list for PBXNativeTarget "Today" */;
			buildPhases = (
				5701C27E27171BF400D2A691 /* Sources */,
				5701C27F27171BF400D2A691 /* Frameworks */,
				5701C28027171BF400D2A691 /* Resources */,
			);
			buildRules = (
			);
			dependencies = (
			);
			name = Today;
			productName = Today;
			productReference = 5701C28227171BF400D2A691 /* Today.app */;
			productType = "com.apple.product-type.application";
		};
/* End PBXNativeTarget section */

/* Begin PBXProject section */
		5701C27A27171BF400D2A691 /* Project object */ = {
			isa = PBXProject;
			attributes = {
				BuildIndependentTargetsInParallel = 1;
				LastSwiftUpdateCheck = 1300;
				LastUpgradeCheck = 1300;
				TargetAttributes = {
					5701C28127171BF400D2A691 = {
						CreatedOnToolsVersion = 13.0;
					};
				};
			};
			buildConfigurationList = 5701C27D27171BF400D2A691 /* Build configuration list for PBXProject "Today" */;
			compatibilityVersion = "Xcode 13.0";
			developmentRegion = en;
			hasScannedForEncodings = 0;
			knownRegions = (
				en,
				Base,
			);
			mainGroup = 5701C27927171BF400D2A691;
			productRefGroup = 5701C28327171BF400D2A691 /* Products */;
			projectDirPath = "";
			projectRoot = "";
			targets = (
				5701C28127171BF400D2A691 /* Today */,
			);
		};
/* End PBXProject section */

/* Begin PBXResourcesBuildPhase section */
		5701C28027171BF400D2A691 /* Resources */ = {
			isa = PBXResourcesBuildPhase;
			buildActionMask = 2147483647;
			files = (
				57FFE12E27181A9E004C8EA1 /* Main.storyboard in Resources */,
				5701C29227171BF700D2A691 /* LaunchScreen.storyboard in Resources */,
				5701C28F27171BF700D2A691 /* Assets.xcassets in Resources */,
			);
			runOnlyForDeploymentPostprocessing = 0;
		};
/* End PBXResourcesBuildPhase section */

/* Begin PBXSourcesBuildPhase section */
		5701C27E27171BF400D2A691 /* Sources */ = {
			isa = PBXSourcesBuildPhase;
			buildActionMask = 2147483647;
			files = (
				5701C28A27171BF400D2A691 /* ReminderListViewController.swift in Sources */,
				57FFE12C27180F26004C8EA1 /* ReminderListCell.swift in Sources */,
				5721834F27184956000C506A /* EditTitleCell.swift in Sources */,
				5721835127184B20000C506A /* EditDataCell.swift in Sources */,
				5701C28627171BF400D2A691 /* AppDelegate.swift in Sources */,
				5721835527184DA5000C506A /* ReminderDetailEditDataSource.swift in Sources */,
				57FFE13827182BE2004C8EA1 /* ReminderDetailViewDataSource.swift in Sources */,
				57FFE135271829A5004C8EA1 /* ReminderListDataSource.swift in Sources */,
				5721835327184B52000C506A /* EditNotesCell.swift in Sources */,
				57FFE13127181ED0004C8EA1 /* ReminderDetailViewController.swift in Sources */,
				5701C28827171BF400D2A691 /* SceneDelegate.swift in Sources */,
				57FFE12927180882004C8EA1 /* Reminder.swift in Sources */,
			);
			runOnlyForDeploymentPostprocessing = 0;
		};
/* End PBXSourcesBuildPhase section */

/* Begin PBXVariantGroup section */
		5701C29027171BF700D2A691 /* LaunchScreen.storyboard */ = {
			isa = PBXVariantGroup;
			children = (
				5701C29127171BF700D2A691 /* Base */,
			);
			name = LaunchScreen.storyboard;
			sourceTree = "<group>";
		};
/* End PBXVariantGroup section */

/* Begin XCBuildConfiguration section */
		5701C29427171BF700D2A691 /* Debug */ = {
			isa = XCBuildConfiguration;
			buildSettings = {
				ALWAYS_SEARCH_USER_PATHS = NO;
				CLANG_ANALYZER_NONNULL = YES;
				CLANG_ANALYZER_NUMBER_OBJECT_CONVERSION = YES_AGGRESSIVE;
				CLANG_CXX_LANGUAGE_STANDARD = "gnu++17";
				CLANG_CXX_LIBRARY = "libc++";
				CLANG_ENABLE_MODULES = YES;
				CLANG_ENABLE_OBJC_ARC = YES;
				CLANG_ENABLE_OBJC_WEAK = YES;
				CLANG_WARN_BLOCK_CAPTURE_AUTORELEASING = YES;
				CLANG_WARN_BOOL_CONVERSION = YES;
				CLANG_WARN_COMMA = YES;
				CLANG_WARN_CONSTANT_CONVERSION = YES;
				CLANG_WARN_DEPRECATED_OBJC_IMPLEMENTATIONS = YES;
				CLANG_WARN_DIRECT_OBJC_ISA_USAGE = YES_ERROR;
				CLANG_WARN_DOCUMENTATION_COMMENTS = YES;
				CLANG_WARN_EMPTY_BODY = YES;
				CLANG_WARN_ENUM_CONVERSION = YES;
				CLANG_WARN_INFINITE_RECURSION = YES;
				CLANG_WARN_INT_CONVERSION = YES;
				CLANG_WARN_NON_LITERAL_NULL_CONVERSION = YES;
				CLANG_WARN_OBJC_IMPLICIT_RETAIN_SELF = YES;
				CLANG_WARN_OBJC_LITERAL_CONVERSION = YES;
				CLANG_WARN_OBJC_ROOT_CLASS = YES_ERROR;
				CLANG_WARN_QUOTED_INCLUDE_IN_FRAMEWORK_HEADER = YES;
				CLANG_WARN_RANGE_LOOP_ANALYSIS = YES;
				CLANG_WARN_STRICT_PROTOTYPES = YES;
				CLANG_WARN_SUSPICIOUS_MOVE = YES;
				CLANG_WARN_UNGUARDED_AVAILABILITY = YES_AGGRESSIVE;
				CLANG_WARN_UNREACHABLE_CODE = YES;
				CLANG_WARN__DUPLICATE_METHOD_MATCH = YES;
				COPY_PHASE_STRIP = NO;
				DEBUG_INFORMATION_FORMAT = dwarf;
				ENABLE_STRICT_OBJC_MSGSEND = YES;
				ENABLE_TESTABILITY = YES;
				GCC_C_LANGUAGE_STANDARD = gnu11;
				GCC_DYNAMIC_NO_PIC = NO;
				GCC_NO_COMMON_BLOCKS = YES;
				GCC_OPTIMIZATION_LEVEL = 0;
				GCC_PREPROCESSOR_DEFINITIONS = (
					"DEBUG=1",
					"$(inherited)",
				);
				GCC_WARN_64_TO_32_BIT_CONVERSION = YES;
				GCC_WARN_ABOUT_RETURN_TYPE = YES_ERROR;
				GCC_WARN_UNDECLARED_SELECTOR = YES;
				GCC_WARN_UNINITIALIZED_AUTOS = YES_AGGRESSIVE;
				GCC_WARN_UNUSED_FUNCTION = YES;
				GCC_WARN_UNUSED_VARIABLE = YES;
				IPHONEOS_DEPLOYMENT_TARGET = 15.0;
				MTL_ENABLE_DEBUG_INFO = INCLUDE_SOURCE;
				MTL_FAST_MATH = YES;
				ONLY_ACTIVE_ARCH = YES;
				SDKROOT = iphoneos;
				SWIFT_ACTIVE_COMPILATION_CONDITIONS = DEBUG;
				SWIFT_OPTIMIZATION_LEVEL = "-Onone";
			};
			name = Debug;
		};
		5701C29527171BF700D2A691 /* Release */ = {
			isa = XCBuildConfiguration;
			buildSettings = {
				ALWAYS_SEARCH_USER_PATHS = NO;
				CLANG_ANALYZER_NONNULL = YES;
				CLANG_ANALYZER_NUMBER_OBJECT_CONVERSION = YES_AGGRESSIVE;
				CLANG_CXX_LANGUAGE_STANDARD = "gnu++17";
				CLANG_CXX_LIBRARY = "libc++";
				CLANG_ENABLE_MODULES = YES;
				CLANG_ENABLE_OBJC_ARC = YES;
				CLANG_ENABLE_OBJC_WEAK = YES;
				CLANG_WARN_BLOCK_CAPTURE_AUTORELEASING = YES;
				CLANG_WARN_BOOL_CONVERSION = YES;
				CLANG_WARN_COMMA = YES;
				CLANG_WARN_CONSTANT_CONVERSION = YES;
				CLANG_WARN_DEPRECATED_OBJC_IMPLEMENTATIONS = YES;
				CLANG_WARN_DIRECT_OBJC_ISA_USAGE = YES_ERROR;
				CLANG_WARN_DOCUMENTATION_COMMENTS = YES;
				CLANG_WARN_EMPTY_BODY = YES;
				CLANG_WARN_ENUM_CONVERSION = YES;
				CLANG_WARN_INFINITE_RECURSION = YES;
				CLANG_WARN_INT_CONVERSION = YES;
				CLANG_WARN_NON_LITERAL_NULL_CONVERSION = YES;
				CLANG_WARN_OBJC_IMPLICIT_RETAIN_SELF = YES;
				CLANG_WARN_OBJC_LITERAL_CONVERSION = YES;
				CLANG_WARN_OBJC_ROOT_CLASS = YES_ERROR;
				CLANG_WARN_QUOTED_INCLUDE_IN_FRAMEWORK_HEADER = YES;
				CLANG_WARN_RANGE_LOOP_ANALYSIS = YES;
				CLANG_WARN_STRICT_PROTOTYPES = YES;
				CLANG_WARN_SUSPICIOUS_MOVE = YES;
				CLANG_WARN_UNGUARDED_AVAILABILITY = YES_AGGRESSIVE;
				CLANG_WARN_UNREACHABLE_CODE = YES;
				CLANG_WARN__DUPLICATE_METHOD_MATCH = YES;
				COPY_PHASE_STRIP = NO;
				DEBUG_INFORMATION_FORMAT = "dwarf-with-dsym";
				ENABLE_NS_ASSERTIONS = NO;
				ENABLE_STRICT_OBJC_MSGSEND = YES;
				GCC_C_LANGUAGE_STANDARD = gnu11;
				GCC_NO_COMMON_BLOCKS = YES;
				GCC_WARN_64_TO_32_BIT_CONVERSION = YES;
				GCC_WARN_ABOUT_RETURN_TYPE = YES_ERROR;
				GCC_WARN_UNDECLARED_SELECTOR = YES;
				GCC_WARN_UNINITIALIZED_AUTOS = YES_AGGRESSIVE;
				GCC_WARN_UNUSED_FUNCTION = YES;
				GCC_WARN_UNUSED_VARIABLE = YES;
				IPHONEOS_DEPLOYMENT_TARGET = 15.0;
				MTL_ENABLE_DEBUG_INFO = NO;
				MTL_FAST_MATH = YES;
				SDKROOT = iphoneos;
				SWIFT_COMPILATION_MODE = wholemodule;
				SWIFT_OPTIMIZATION_LEVEL = "-O";
				VALIDATE_PRODUCT = YES;
			};
			name = Release;
		};
		5701C29727171BF700D2A691 /* Debug */ = {
			isa = XCBuildConfiguration;
			buildSettings = {
				ASSETCATALOG_COMPILER_APPICON_NAME = AppIcon;
				ASSETCATALOG_COMPILER_GLOBAL_ACCENT_COLOR_NAME = AccentColor;
				CODE_SIGN_STYLE = Automatic;
				CURRENT_PROJECT_VERSION = 1;
				DEVELOPMENT_TEAM = XUUB5KNL4K;
				GENERATE_INFOPLIST_FILE = YES;
				INFOPLIST_FILE = Today/Info.plist;
				INFOPLIST_KEY_UIApplicationSupportsIndirectInputEvents = YES;
				INFOPLIST_KEY_UILaunchStoryboardName = LaunchScreen;
				INFOPLIST_KEY_UIMainStoryboardFile = Main;
				INFOPLIST_KEY_UISupportedInterfaceOrientations_iPad = "UIInterfaceOrientationPortrait UIInterfaceOrientationPortraitUpsideDown UIInterfaceOrientationLandscapeLeft UIInterfaceOrientationLandscapeRight";
				INFOPLIST_KEY_UISupportedInterfaceOrientations_iPhone = "UIInterfaceOrientationPortrait UIInterfaceOrientationLandscapeLeft UIInterfaceOrientationLandscapeRight";
				LD_RUNPATH_SEARCH_PATHS = (
					"$(inherited)",
					"@executable_path/Frameworks",
				);
				MARKETING_VERSION = 1.0;
				PRODUCT_BUNDLE_IDENTIFIER = com.santtu.Today;
				PRODUCT_NAME = "$(TARGET_NAME)";
				SWIFT_EMIT_LOC_STRINGS = YES;
				SWIFT_VERSION = 5.0;
				TARGETED_DEVICE_FAMILY = "1,2";
			};
			name = Debug;
		};
		5701C29827171BF700D2A691 /* Release */ = {
			isa = XCBuildConfiguration;
			buildSettings = {
				ASSETCATALOG_COMPILER_APPICON_NAME = AppIcon;
				ASSETCATALOG_COMPILER_GLOBAL_ACCENT_COLOR_NAME = AccentColor;
				CODE_SIGN_STYLE = Automatic;
				CURRENT_PROJECT_VERSION = 1;
				DEVELOPMENT_TEAM = XUUB5KNL4K;
				GENERATE_INFOPLIST_FILE = YES;
				INFOPLIST_FILE = Today/Info.plist;
				INFOPLIST_KEY_UIApplicationSupportsIndirectInputEvents = YES;
				INFOPLIST_KEY_UILaunchStoryboardName = LaunchScreen;
				INFOPLIST_KEY_UIMainStoryboardFile = Main;
				INFOPLIST_KEY_UISupportedInterfaceOrientations_iPad = "UIInterfaceOrientationPortrait UIInterfaceOrientationPortraitUpsideDown UIInterfaceOrientationLandscapeLeft UIInterfaceOrientationLandscapeRight";
				INFOPLIST_KEY_UISupportedInterfaceOrientations_iPhone = "UIInterfaceOrientationPortrait UIInterfaceOrientationLandscapeLeft UIInterfaceOrientationLandscapeRight";
				LD_RUNPATH_SEARCH_PATHS = (
					"$(inherited)",
					"@executable_path/Frameworks",
				);
				MARKETING_VERSION = 1.0;
				PRODUCT_BUNDLE_IDENTIFIER = com.santtu.Today;
				PRODUCT_NAME = "$(TARGET_NAME)";
				SWIFT_EMIT_LOC_STRINGS = YES;
				SWIFT_VERSION = 5.0;
				TARGETED_DEVICE_FAMILY = "1,2";
			};
			name = Release;
		};
/* End XCBuildConfiguration section */

/* Begin XCConfigurationList section */
		5701C27D27171BF400D2A691 /* Build configuration list for PBXProject "Today" */ = {
			isa = XCConfigurationList;
			buildConfigurations = (
				5701C29427171BF700D2A691 /* Debug */,
				5701C29527171BF700D2A691 /* Release */,
			);
			defaultConfigurationIsVisible = 0;
			defaultConfigurationName = Release;
		};
		5701C29627171BF700D2A691 /* Build configuration list for PBXNativeTarget "Today" */ = {
			isa = XCConfigurationList;
			buildConfigurations = (
				5701C29727171BF700D2A691 /* Debug */,
				5701C29827171BF700D2A691 /* Release */,
			);
			defaultConfigurationIsVisible = 0;
			defaultConfigurationName = Release;
		};
/* End XCConfigurationList section */
	};
	rootObject = 5701C27A27171BF400D2A691 /* Project object */;
}
